{
  "name": "homeTask",
  "version": "1.0.0",
  "lockfileVersion": 1,
  "requires": true,
  "dependencies": {
    "date-and-time": {
      "version": "0.9.0",
      "resolved": "https://registry.npmjs.org/date-and-time/-/date-and-time-0.9.0.tgz",
      "integrity": "sha512-4JybB6PbR+EebpFx/KyR5Ybl+TcdXMLIJkyYsCx3P4M4CWGMuDyFF19yh6TyasMAIF5lrsgIxiSHBXh2FFc7Fg=="
    },
    "lodash": {
      "version": "4.17.15",
      "resolved": "https://registry.npmjs.org/lodash/-/lodash-4.17.15.tgz",
      "integrity": "sha512-8xOcRHvCjnocdS5cpwXQXVzmmh5e5+saE2QGoeQmbKmRS6J3VQppPOIt0MnmE+4xlZoumy0GPG0D0MVIQbNA1A=="
    },
    "node-fetch": {
      "version": "2.6.0",
      "resolved": "https://registry.npmjs.org/node-fetch/-/node-fetch-2.6.0.tgz",
      "integrity": "sha512-8dG4H5ujfvFiqDmVu9fQ5bOHUC15JMjMY/Zumv26oOvvVJjM67KF8koCWIabKQ1GJIa9r2mMZscBq/TbdOcmNA=="
    },
    "percent": {
      "version": "2.0.0",
      "resolved": "https://registry.npmjs.org/percent/-/percent-2.0.0.tgz",
      "integrity": "sha1-ZLC8kOlQmBckWO+bOUNEaHkBAkk="
    },
    "percentage-calc": {
      "version": "0.0.1",
      "resolved": "https://registry.npmjs.org/percentage-calc/-/percentage-calc-0.0.1.tgz",
      "integrity": "sha1-OdlVHCDaMfv8WQGshdLC2JxedWA="
    }
  }
}
