{
  "name": "Vanagas",
  "version": "1.0.0",
  "lockfileVersion": 1,
  "requires": true,
  "dependencies": {
    "reverse-string": {
      "version": "0.0.6",
      "resolved": "https://registry.npmjs.org/reverse-string/-/reverse-string-0.0.6.tgz",
      "integrity": "sha1-zlqR5T1a5zC1PtVkhWulHX3+CHI="
    }
  }
}
