{
  "name": "Vanagas",
  "version": "1.0.0",
  "lockfileVersion": 1,
  "requires": true,
  "dependencies": {
    "degrees-radians": {
      "version": "1.0.3",
      "resolved": "https://registry.npmjs.org/degrees-radians/-/degrees-radians-1.0.3.tgz",
      "integrity": "sha1-3FI30UXOH4xc3c5uhRIttk8Ds0M="
    },
    "radians-degrees": {
      "version": "1.0.0",
      "resolved": "https://registry.npmjs.org/radians-degrees/-/radians-degrees-1.0.0.tgz",
      "integrity": "sha1-cjK/FxQQeIyaspWnz3+txV5yUTo="
    },
    "reverse-string": {
      "version": "0.0.6",
      "resolved": "https://registry.npmjs.org/reverse-string/-/reverse-string-0.0.6.tgz",
      "integrity": "sha1-zlqR5T1a5zC1PtVkhWulHX3+CHI="
    },
    "trigonometry-equations": {
      "version": "2.0.1",
      "resolved": "https://registry.npmjs.org/trigonometry-equations/-/trigonometry-equations-2.0.1.tgz",
      "integrity": "sha1-HjQy0hIk+d5jWo+pqbUrQixqSQM=",
      "requires": {
        "degrees-radians": "^1.0.3",
        "radians-degrees": "^1.0.0"
      }
    }
  }
}
